
Microsoft Visual Studio Solution File, Format Version 12.00
# Visual Studio 15
VisualStudioVersion = 15.0.27130.2036
MinimumVisualStudioVersion = 10.0.40219.1
Project("{FAE04EC0-301F-11D3-BF4B-00C04F79EFBC}") = "Basics.LinqBase", "LinqBase\Basics.LinqBase.csproj", "{76A73977-F2B6-4928-BD2B-3CA16AB0A7AD}"
EndProject
Project("{FAE04EC0-301F-11D3-BF4B-00C04F79EFBC}") = "Basics.Keywords", "Basics.Keywords\Basics.Keywords.csproj", "{36F7D542-77E7-428E-8696-EBB5FE6F5A62}"
EndProject
Project("{FAE04EC0-301F-11D3-BF4B-00C04F79EFBC}") = "DependencyInjection", "DependencyInjection\DependencyInjection.csproj", "{B826C470-F122-4EAA-AEC3-58ACD47CF0AC}"
EndProject
Project("{FAE04EC0-301F-11D3-BF4B-00C04F79EFBC}") = "EFMigrations", "EFMigrations\EFMigrations.csproj", "{2DD3FB3F-81E1-4DA6-A8E6-D43D127F90B4}"
EndProject
Project("{FAE04EC0-301F-11D3-BF4B-00C04F79EFBC}") = "OOPS", "OOPS\OOPS.csproj", "{BA830F9F-D16E-4517-9285-0E8A2A7AF327}"
EndProject
Project("{FAE04EC0-301F-11D3-BF4B-00C04F79EFBC}") = "FormAuth", "FormAuth\FormAuth.csproj", "{E2333EF1-51AD-4253-A952-822867ECAD3F}"
EndProject
Project("{FAE04EC0-301F-11D3-BF4B-00C04F79EFBC}") = "JQuery", "JQuery\JQuery.csproj", "{B9C55A82-4E3F-441E-8365-EDC8328110A6}"
EndProject
Project("{FAE04EC0-301F-11D3-BF4B-00C04F79EFBC}") = "Javascript", "Javascript\Javascript.csproj", "{3840584F-D376-4C16-BE0A-FFE786CB9D8B}"
EndProject
Project("{FAE04EC0-301F-11D3-BF4B-00C04F79EFBC}") = "Automapper", "Automapper\Automapper.csproj", "{B6E72043-B675-4903-8DC4-1682B0FAEF3C}"
EndProject
Project("{FAE04EC0-301F-11D3-BF4B-00C04F79EFBC}") = "DelegateAndFunc", "DelegateAndFunc\DelegateAndFunc.csproj", "{23E5D401-EC1E-4902-8378-8D09AECDDEC4}"
EndProject
Project("{FAE04EC0-301F-11D3-BF4B-00C04F79EFBC}") = "GarbageCollection", "GarbageCollection\GarbageCollection.csproj", "{2C78A466-F255-4D35-9C2F-BAE7A555CB7A}"
EndProject
Project("{FAE04EC0-301F-11D3-BF4B-00C04F79EFBC}") = "DesignPatterns", "DesignPatterns\DesignPatterns.csproj", "{3CC604E3-75D2-4226-A5C8-F18D76558778}"
EndProject
Project("{FAE04EC0-301F-11D3-BF4B-00C04F79EFBC}") = "Threading", "Threading\Threading.csproj", "{3B2A5CE6-308F-4346-A4C5-A797C5EC23A9}"
EndProject
Project("{FAE04EC0-301F-11D3-BF4B-00C04F79EFBC}") = "Algorithms", "Algorithms\Algorithms.csproj", "{4B87AF26-EEF7-4F69-836F-58E3A2A01033}"
EndProject
Project("{FAE04EC0-301F-11D3-BF4B-00C04F79EFBC}") = "TPL", "TPL\TPL.csproj", "{D62BBC6E-391D-4857-AC5F-CFE884B394B4}"
EndProject
Project("{00D1A9C2-B5F0-4AF3-8072-F6C62B433612}") = "SqlDemo", "SqlDemo\SqlDemo.sqlproj", "{53F6D871-3C2F-4390-A8E3-BF993F093702}"
EndProject
Project("{2150E333-8FDC-42A3-9474-1A3956D46DE8}") = "Solution Items", "Solution Items", "{1CD5633B-E2F8-425E-BC93-D911943E233A}"
	ProjectSection(SolutionItems) = preProject
		ReadMe.txt = ReadMe.txt
	EndProjectSection
EndProject
Project("{FAE04EC0-301F-11D3-BF4B-00C04F79EFBC}") = "AsyncAwait", "AsyncAwait\AsyncAwait.csproj", "{CBC79E8D-9911-46E8-896A-3E3325664A20}"
EndProject
Global
	GlobalSection(SolutionConfigurationPlatforms) = preSolution
		Debug|Any CPU = Debug|Any CPU
		Release|Any CPU = Release|Any CPU
	EndGlobalSection
	GlobalSection(ProjectConfigurationPlatforms) = postSolution
		{76A73977-F2B6-4928-BD2B-3CA16AB0A7AD}.Debug|Any CPU.ActiveCfg = Debug|Any CPU
		{76A73977-F2B6-4928-BD2B-3CA16AB0A7AD}.Debug|Any CPU.Build.0 = Debug|Any CPU
		{76A73977-F2B6-4928-BD2B-3CA16AB0A7AD}.Release|Any CPU.ActiveCfg = Release|Any CPU
		{76A73977-F2B6-4928-BD2B-3CA16AB0A7AD}.Release|Any CPU.Build.0 = Release|Any CPU
		{36F7D542-77E7-428E-8696-EBB5FE6F5A62}.Debug|Any CPU.ActiveCfg = Debug|Any CPU
		{36F7D542-77E7-428E-8696-EBB5FE6F5A62}.Debug|Any CPU.Build.0 = Debug|Any CPU
		{36F7D542-77E7-428E-8696-EBB5FE6F5A62}.Release|Any CPU.ActiveCfg = Release|Any CPU
		{36F7D542-77E7-428E-8696-EBB5FE6F5A62}.Release|Any CPU.Build.0 = Release|Any CPU
		{B826C470-F122-4EAA-AEC3-58ACD47CF0AC}.Debug|Any CPU.ActiveCfg = Debug|Any CPU
		{B826C470-F122-4EAA-AEC3-58ACD47CF0AC}.Debug|Any CPU.Build.0 = Debug|Any CPU
		{B826C470-F122-4EAA-AEC3-58ACD47CF0AC}.Release|Any CPU.ActiveCfg = Release|Any CPU
		{B826C470-F122-4EAA-AEC3-58ACD47CF0AC}.Release|Any CPU.Build.0 = Release|Any CPU
		{2DD3FB3F-81E1-4DA6-A8E6-D43D127F90B4}.Debug|Any CPU.ActiveCfg = Debug|Any CPU
		{2DD3FB3F-81E1-4DA6-A8E6-D43D127F90B4}.Debug|Any CPU.Build.0 = Debug|Any CPU
		{2DD3FB3F-81E1-4DA6-A8E6-D43D127F90B4}.Release|Any CPU.ActiveCfg = Release|Any CPU
		{2DD3FB3F-81E1-4DA6-A8E6-D43D127F90B4}.Release|Any CPU.Build.0 = Release|Any CPU
		{BA830F9F-D16E-4517-9285-0E8A2A7AF327}.Debug|Any CPU.ActiveCfg = Debug|Any CPU
		{BA830F9F-D16E-4517-9285-0E8A2A7AF327}.Debug|Any CPU.Build.0 = Debug|Any CPU
		{BA830F9F-D16E-4517-9285-0E8A2A7AF327}.Release|Any CPU.ActiveCfg = Release|Any CPU
		{BA830F9F-D16E-4517-9285-0E8A2A7AF327}.Release|Any CPU.Build.0 = Release|Any CPU
		{E2333EF1-51AD-4253-A952-822867ECAD3F}.Debug|Any CPU.ActiveCfg = Debug|Any CPU
		{E2333EF1-51AD-4253-A952-822867ECAD3F}.Debug|Any CPU.Build.0 = Debug|Any CPU
		{E2333EF1-51AD-4253-A952-822867ECAD3F}.Release|Any CPU.ActiveCfg = Release|Any CPU
		{E2333EF1-51AD-4253-A952-822867ECAD3F}.Release|Any CPU.Build.0 = Release|Any CPU
		{B9C55A82-4E3F-441E-8365-EDC8328110A6}.Debug|Any CPU.ActiveCfg = Debug|Any CPU
		{B9C55A82-4E3F-441E-8365-EDC8328110A6}.Debug|Any CPU.Build.0 = Debug|Any CPU
		{B9C55A82-4E3F-441E-8365-EDC8328110A6}.Release|Any CPU.ActiveCfg = Release|Any CPU
		{B9C55A82-4E3F-441E-8365-EDC8328110A6}.Release|Any CPU.Build.0 = Release|Any CPU
		{3840584F-D376-4C16-BE0A-FFE786CB9D8B}.Debug|Any CPU.ActiveCfg = Debug|Any CPU
		{3840584F-D376-4C16-BE0A-FFE786CB9D8B}.Debug|Any CPU.Build.0 = Debug|Any CPU
		{3840584F-D376-4C16-BE0A-FFE786CB9D8B}.Release|Any CPU.ActiveCfg = Release|Any CPU
		{3840584F-D376-4C16-BE0A-FFE786CB9D8B}.Release|Any CPU.Build.0 = Release|Any CPU
		{B6E72043-B675-4903-8DC4-1682B0FAEF3C}.Debug|Any CPU.ActiveCfg = Debug|Any CPU
		{B6E72043-B675-4903-8DC4-1682B0FAEF3C}.Debug|Any CPU.Build.0 = Debug|Any CPU
		{B6E72043-B675-4903-8DC4-1682B0FAEF3C}.Release|Any CPU.ActiveCfg = Release|Any CPU
		{B6E72043-B675-4903-8DC4-1682B0FAEF3C}.Release|Any CPU.Build.0 = Release|Any CPU
		{23E5D401-EC1E-4902-8378-8D09AECDDEC4}.Debug|Any CPU.ActiveCfg = Debug|Any CPU
		{23E5D401-EC1E-4902-8378-8D09AECDDEC4}.Debug|Any CPU.Build.0 = Debug|Any CPU
		{23E5D401-EC1E-4902-8378-8D09AECDDEC4}.Release|Any CPU.ActiveCfg = Release|Any CPU
		{23E5D401-EC1E-4902-8378-8D09AECDDEC4}.Release|Any CPU.Build.0 = Release|Any CPU
		{2C78A466-F255-4D35-9C2F-BAE7A555CB7A}.Debug|Any CPU.ActiveCfg = Debug|Any CPU
		{2C78A466-F255-4D35-9C2F-BAE7A555CB7A}.Debug|Any CPU.Build.0 = Debug|Any CPU
		{2C78A466-F255-4D35-9C2F-BAE7A555CB7A}.Release|Any CPU.ActiveCfg = Release|Any CPU
		{2C78A466-F255-4D35-9C2F-BAE7A555CB7A}.Release|Any CPU.Build.0 = Release|Any CPU
		{3CC604E3-75D2-4226-A5C8-F18D76558778}.Debug|Any CPU.ActiveCfg = Debug|Any CPU
		{3CC604E3-75D2-4226-A5C8-F18D76558778}.Debug|Any CPU.Build.0 = Debug|Any CPU
		{3CC604E3-75D2-4226-A5C8-F18D76558778}.Release|Any CPU.ActiveCfg = Release|Any CPU
		{3CC604E3-75D2-4226-A5C8-F18D76558778}.Release|Any CPU.Build.0 = Release|Any CPU
		{3B2A5CE6-308F-4346-A4C5-A797C5EC23A9}.Debug|Any CPU.ActiveCfg = Debug|Any CPU
		{3B2A5CE6-308F-4346-A4C5-A797C5EC23A9}.Debug|Any CPU.Build.0 = Debug|Any CPU
		{3B2A5CE6-308F-4346-A4C5-A797C5EC23A9}.Release|Any CPU.ActiveCfg = Release|Any CPU
		{3B2A5CE6-308F-4346-A4C5-A797C5EC23A9}.Release|Any CPU.Build.0 = Release|Any CPU
		{4B87AF26-EEF7-4F69-836F-58E3A2A01033}.Debug|Any CPU.ActiveCfg = Debug|Any CPU
		{4B87AF26-EEF7-4F69-836F-58E3A2A01033}.Debug|Any CPU.Build.0 = Debug|Any CPU
		{4B87AF26-EEF7-4F69-836F-58E3A2A01033}.Release|Any CPU.ActiveCfg = Release|Any CPU
		{4B87AF26-EEF7-4F69-836F-58E3A2A01033}.Release|Any CPU.Build.0 = Release|Any CPU
		{D62BBC6E-391D-4857-AC5F-CFE884B394B4}.Debug|Any CPU.ActiveCfg = Debug|Any CPU
		{D62BBC6E-391D-4857-AC5F-CFE884B394B4}.Debug|Any CPU.Build.0 = Debug|Any CPU
		{D62BBC6E-391D-4857-AC5F-CFE884B394B4}.Release|Any CPU.ActiveCfg = Release|Any CPU
		{D62BBC6E-391D-4857-AC5F-CFE884B394B4}.Release|Any CPU.Build.0 = Release|Any CPU
		{53F6D871-3C2F-4390-A8E3-BF993F093702}.Debug|Any CPU.ActiveCfg = Debug|Any CPU
		{53F6D871-3C2F-4390-A8E3-BF993F093702}.Release|Any CPU.ActiveCfg = Release|Any CPU
		{53F6D871-3C2F-4390-A8E3-BF993F093702}.Release|Any CPU.Build.0 = Release|Any CPU
		{53F6D871-3C2F-4390-A8E3-BF993F093702}.Release|Any CPU.Deploy.0 = Release|Any CPU
		{CBC79E8D-9911-46E8-896A-3E3325664A20}.Debug|Any CPU.ActiveCfg = Debug|Any CPU
		{CBC79E8D-9911-46E8-896A-3E3325664A20}.Debug|Any CPU.Build.0 = Debug|Any CPU
		{CBC79E8D-9911-46E8-896A-3E3325664A20}.Release|Any CPU.ActiveCfg = Release|Any CPU
		{CBC79E8D-9911-46E8-896A-3E3325664A20}.Release|Any CPU.Build.0 = Release|Any CPU
	EndGlobalSection
	GlobalSection(SolutionProperties) = preSolution
		HideSolutionNode = FALSE
	EndGlobalSection
	GlobalSection(ExtensibilityGlobals) = postSolution
		SolutionGuid = {484C3391-1A48-4BB4-9979-ADA5756F2D38}
	EndGlobalSection
EndGlobal
